<?xml version="1.0" encoding="utf-8"?>
<Project ToolsVersion="4.0" xmlns="http://schemas.microsoft.com/developer/msbuild/2003">
  <ItemGroup>
    <Filter Include="EngineAPI">
      <UniqueIdentifier>{6655c303-d0c6-4545-868a-70c34a86000f}</UniqueIdentifier>
    </Filter>
    <Filter Include="EngineAPI\Scene">
      <UniqueIdentifier>{ae7ca235-e76e-4cdb-8ffc-15848b2f8915}</UniqueIdentifier>
    </Filter>
    <Filter Include="EngineAPI\Core">
      <UniqueIdentifier>{9808d9da-e994-478a-88e3-a3415c9a7e76}</UniqueIdentifier>
    </Filter>
    <Filter Include="Header Files">
      <UniqueIdentifier>{93995380-89BD-4b04-88EB-625FBE52EBFB}</UniqueIdentifier>
      <Extensions>h;hh;hpp;hxx;hm;inl;inc;xsd</Extensions>
      <ParseFiles>true</ParseFiles>
    </Filter>
    <Filter Include="Source Files">
      <UniqueIdentifier>{4FC737F1-C7A5-4376-A066-2A32D752A2FF}</UniqueIdentifier>
      <Extensions>cpp;c;cc;cxx;def;odl;idl;hpj;bat;asm;asmx</Extensions>
      <ParseFiles>true</ParseFiles>
    </Filter>
    <Filter Include="Form Files">
      <UniqueIdentifier>{99349809-55BA-4b9d-BF79-8FDBB0286EB3}</UniqueIdentifier>
      <Extensions>ui</Extensions>
      <ParseFiles>true</ParseFiles>
    </Filter>
  </ItemGroup>
  <ItemGroup>
    <ClInclude Include="src\Engine\Core\Math\Vector.hpp">
      <Filter>EngineAPI\Core</Filter>
    </ClInclude>
    <ClInclude Include="src\Engine\Core\Math\Matrix.hpp">
      <Filter>EngineAPI\Core</Filter>
    </ClInclude>
    <ClInclude Include="src\Engine\Core\Math\Transform.hpp">
      <Filter>EngineAPI\Core</Filter>
    </ClInclude>
    <ClInclude Include="src\Engine\API\Scene\Scene.hpp">
      <Filter>EngineAPI\Scene</Filter>
    </ClInclude>
    <ClInclude Include="src\Engine\API\Renderer\IRenderer.hpp" />
    <ClInclude Include="src\Engine\API\Controller.hpp" />
    <ClInclude Include="src\Engine\API\Commands\ICommand.hpp" />
    <ClInclude Include="src\Engine\API\Commands\LoadSceneCommand.hpp" />
    <ClInclude Include="src\Engine\Core\Color.hpp" />
    <ClInclude Include="src\Engine\Qt\Renderer\QtRenderer.hpp" />
    <ClInclude Include="src\Engine\Core\Math\Rect.hpp" />
    <ClInclude Include="src\Engine\API\Commands\RenderSceneCommand.hpp" />
    <ClInclude Include="src\Engine\Utils\Logger.hpp" />
    <ClInclude Include="src\Engine\Utils\Profiler.hpp" />
    <ClInclude Include="src\Engine\API\Tools\IToolBase.hpp" />
    <ClInclude Include="src\Engine\API\Tools\HierarchyTool.hpp" />
    <ClInclude Include="src\Engine\API\Managers\IManager.hpp" />
    <ClInclude Include="src\Engine\API\Facade.hpp" />
    <ClInclude Include="src\Engine\API\Scene\SceneBuilder.hpp" />
    <ClInclude Include="src\Engine\API\Objects\ISceneObject.hpp" />
    <ClInclude Include="src\Engine\API\Objects\SceneObjectGroup.hpp" />
    <ClInclude Include="src\Engine\API\Objects\Builders\DefaultHullCubeBuilder.hpp" />
    <ClInclude Include="src\Engine\API\Objects\Builders\ISceneObjectBuilder.hpp" />
    <ClInclude Include="src\Engine\API\Commands\CommandList.hpp" />
    <ClInclude Include="src\Engine\API\Managers\IManagerFactory.hpp" />
    <ClInclude Include="src\Engine\Qt\QtManagerFactory.hpp" />
    <ClInclude Include="src\Engine\Qt\Managers\QtStateManager.hpp" />
    <ClInclude Include="src\Engine\API\Scene\SceneBuilder.hpp" />
    <ClInclude Include="src\Engine\API\Scene\Directors\ISceneDirector.hpp" />
    <ClInclude Include="src\Engine\API\Scene\Directors\EmptySceneDirector.hpp" />
    <ClInclude Include="src\Engine\API\Objects\HullModel\HullModel.hpp" />
    <ClInclude Include="src\Engine\API\Objects\HullModel\Edge.hpp" />
    <ClInclude Include="src\Engine\API\Commands\CreateEmptySceneCommand.hpp" />
    <ClInclude Include="src\Engine\API\Objects\IObjectVisitor.hpp" />
    <ClInclude Include="src\Engine\API\Objects\Builders\TransformBuilder.hpp" />
    <ClInclude Include="src\Engine\API\Objects\HullModel\Vertex.hpp" />
    <ClInclude Include="src\Engine\API\Objects\HullModel\HullModelAdapter.hpp" />
    <ClInclude Include="src\Engine\API\Transformer\Transformer.hpp" />
    <ClInclude Include="src\Engine\API\Objects\Camera\ICamera.hpp" />
    <ClInclude Include="src\Engine\API\Objects\Camera\PerspectiveCamera.hpp" />
    <ClInclude Include="src\Engine\API\Objects\Camera\CameraAdapter.hpp" />
    <ClInclude Include="src\Engine\API\Commands\AddHullModelCommand.hpp" />
    <ClInclude Include="src\Engine\API\Commands\ClearSceneCommand.hpp" />
    <ClInclude Include="src\Engine\Qt\Managers\QtSelectionManager.hpp">
      <Filter>Header Files</Filter>
    </ClInclude>
    <ClInclude Include="src\Engine\Qt\Managers\QtTransformManager.hpp">
      <Filter>Header Files</Filter>
    </ClInclude>
    <ClInclude Include="src\Engine\Qt\Managers\QtCameraManager.hpp">
      <Filter>Header Files</Filter>
    </ClInclude>
    <ClInclude Include="src\Engine\API\Commands\ClearSelectionCommand.hpp">
      <Filter>Header Files</Filter>
    </ClInclude>
    <ClInclude Include="src\Engine\API\Commands\ToggleSelectionCommand.hpp">
      <Filter>Header Files</Filter>
    </ClInclude>
    <ClInclude Include="src\Engine\API\Objects\Builders\DefaultCameraBuilder.hpp">
      <Filter>Header Files</Filter>
    </ClInclude>
    <ClInclude Include="src\Engine\API\Commands\TransformSelectedCommand.hpp">
      <Filter>Header Files</Filter>
    </ClInclude>
    <ClInclude Include="src\Engine\API\Managers\CameraManager.hpp">
      <Filter>Header Files</Filter>
    </ClInclude>
    <ClInclude Include="src\Engine\API\Managers\ObjectManager.hpp" />
    <ClInclude Include="src\Engine\API\Managers\RenderManager.hpp" />
    <ClInclude Include="src\Engine\API\Managers\SceneManager.hpp" />
    <ClInclude Include="src\Engine\API\Managers\TransformManager.hpp">
      <Filter>Header Files</Filter>
    </ClInclude>
    <ClInclude Include="src\Engine\API\ControllerImpl.hpp">
      <Filter>Header Files</Filter>
    </ClInclude>
  </ItemGroup>
  <ItemGroup>
    <ClCompile Include="src\main.cpp" />
    <ClCompile Include="src\Engine\API\Commands\ICommand.cpp" />
    <ClCompile Include="src\Engine\API\Controller.cpp" />
    <ClCompile Include="src\Engine\API\Commands\LoadSceneCommand.cpp" />
    <ClCompile Include="src\Engine\Core\Math\Vector.cpp" />
    <ClCompile Include="src\Engine\Qt\Renderer\QtRenderer.cpp" />
    <ClCompile Include="src\Engine\Core\Color.cpp" />
    <ClCompile Include="src\Engine\Core\Math\Matrix.cpp" />
    <ClCompile Include="src\Engine\Core\Math\Transform.cpp" />
    <ClCompile Include="src\Engine\API\Scene\Scene.cpp" />
    <ClCompile Include="src\Engine\Core\Math\Rect.cpp" />
    <ClCompile Include="src\Engine\API\Commands\RenderSceneCommand.cpp" />
    <ClCompile Include="src\Engine\API\Renderer\IRenderer.cpp" />
    <ClCompile Include="src\Engine\Utils\Logger.cpp" />
    <ClCompile Include="src\Engine\API\Tools\HierarchyTool.cpp" />
    <ClCompile Include="src\Engine\API\Facade.cpp" />
    <ClCompile Include="src\Engine\API\Objects\ISceneObject.cpp" />
    <ClCompile Include="src\Engine\API\Objects\SceneObjectGroup.cpp" />
    <ClCompile Include="src\Engine\API\Objects\Builders\DefaultHullCubeBuilder.cpp" />
    <ClCompile Include="src\Engine\API\Objects\Builders\TransformBuilder.cpp" />
    <ClCompile Include="src\Engine\Qt\QtManagerFactory.cpp" />
    <ClCompile Include="src\Engine\Qt\Managers\QtStateManager.cpp" />
    <ClCompile Include="src\Engine\API\Scene\Directors\EmptySceneDirector.cpp" />
    <ClCompile Include="src\Engine\API\Scene\SceneBuilder.cpp" />
    <ClCompile Include="src\Engine\API\Objects\HullModel\HullModel.cpp" />
    <ClCompile Include="src\Engine\Qt\Forms\MainWindow.cpp" />
    <ClCompile Include="src\Engine\API\Commands\CreateEmptySceneCommand.cpp" />
    <ClCompile Include="src\Engine\API\Objects\HullModel\Edge.cpp" />
    <ClCompile Include="src\Engine\API\Objects\HullModel\HullModelAdapter.cpp" />
    <ClCompile Include="src\Engine\Qt\Renderer\RenderViewport.cpp" />
    <ClCompile Include="src\Engine\API\Objects\Camera\ICamera.cpp" />
    <ClCompile Include="src\Engine\API\Objects\Camera\PerspectiveCamera.cpp" />
    <ClCompile Include="src\Engine\API\Objects\Camera\CameraAdapter.cpp" />
    <ClCompile Include="src\Engine\API\Commands\AddHullModelCommand.cpp" />
    <ClCompile Include="src\Engine\API\Commands\ClearSceneCommand.cpp" />
    <ClCompile Include="src\Engine\Qt\Forms\HierarhyWidget\HierarchyWidget.cpp">
      <Filter>Source Files</Filter>
    </ClCompile>
    <ClCompile Include="src\Engine\Qt\Forms\ObjectListItemWidget\ObjectListItemWidget.cpp">
      <Filter>Source Files</Filter>
    </ClCompile>
    <ClCompile Include="src\Engine\API\Objects\Builders\ISceneObjectBuilder.cpp">
      <Filter>Source Files</Filter>
    </ClCompile>
    <ClCompile Include="src\Engine\Qt\Managers\QtSelectionManager.cpp">
      <Filter>Source Files</Filter>
    </ClCompile>
    <ClCompile Include="src\Engine\Qt\Managers\QtTransformManager.cpp">
      <Filter>Source Files</Filter>
    </ClCompile>
    <ClCompile Include="src\Engine\API\Transformer\Transformer.cpp">
      <Filter>Source Files</Filter>
    </ClCompile>
    <ClCompile Include="src\Engine\Qt\Managers\QtCameraManager.cpp">
      <Filter>Source Files</Filter>
    </ClCompile>
    <ClCompile Include="src\Engine\API\Commands\ClearSelectionCommand.cpp">
      <Filter>Source Files</Filter>
    </ClCompile>
    <ClCompile Include="src\Engine\API\Commands\ToggleSelectionCommand.cpp">
      <Filter>Source Files</Filter>
    </ClCompile>
    <ClCompile Include="src\Engine\API\Objects\Builders\DefaultCameraBuilder.cpp">
      <Filter>Source Files</Filter>
    </ClCompile>
    <ClCompile Include="src\Engine\API\Commands\TransformSelectedCommand.cpp">
      <Filter>Source Files</Filter>
    </ClCompile>
    <ClCompile Include="src\Engine\Qt\Forms\InspectorWidget\InspectorWidget.cpp">
      <Filter>Source Files</Filter>
    </ClCompile>
    <ClCompile Include="src\Engine\Qt\Forms\InspectorWidget\TransformWidget\TransformWidget.cpp">
      <Filter>Source Files</Filter>
    </ClCompile>
    <ClCompile Include="src\Engine\Qt\Forms\InspectorWidget\NamedVectorWidget\NamedVectorWidget.cpp">
      <Filter>Source Files</Filter>
    </ClCompile>
    <ClCompile Include="src\Engine\API\Managers\SceneManager.cpp" />
    <ClCompile Include="src\Engine\API\Managers\RenderManager.cpp">
      <Filter>Source Files</Filter>
    </ClCompile>
    <ClCompile Include="src\Engine\API\Managers\CameraManager.cpp">
      <Filter>Source Files</Filter>
    </ClCompile>
    <ClCompile Include="src\Engine\API\Managers\ObjectManager.cpp">
      <Filter>Source Files</Filter>
    </ClCompile>
  </ItemGroup>
  <ItemGroup>
    <QtMoc Include="src\Engine\Qt\Forms\MainWindow.h" />
    <QtMoc Include="src\Engine\Qt\Renderer\RenderViewport.hpp" />
    <QtMoc Include="src\Engine\Qt\Forms\HierarhyWidget\HierarchyWidget.h">
      <Filter>Header Files</Filter>
    </QtMoc>
    <QtMoc Include="src\Engine\Qt\Forms\ObjectListItemWidget\ObjectListItemWidget.h">
      <Filter>Header Files</Filter>
    </QtMoc>
    <QtMoc Include="src\Engine\Qt\Forms\InspectorWidget\InspectorWidget.h">
      <Filter>Header Files</Filter>
    </QtMoc>
    <QtMoc Include="src\Engine\Qt\Forms\InspectorWidget\TransformWidget\TransformWidget.h">
      <Filter>Header Files</Filter>
    </QtMoc>
    <QtMoc Include="src\Engine\Qt\Forms\InspectorWidget\NamedVectorWidget\NamedVectorWidget.h">
      <Filter>Header Files</Filter>
    </QtMoc>
  </ItemGroup>
  <ItemGroup>
    <QtRcc Include="src\Engine\Qt\Forms\MainWindow.qrc" />
  </ItemGroup>
  <ItemGroup>
    <QtUic Include="src\Engine\Qt\Forms\MainWindow.ui" />
    <QtUic Include="src\Engine\Qt\Forms\HierarhyWidget\HierarchyWidget.ui">
      <Filter>Form Files</Filter>
    </QtUic>
    <QtUic Include="src\Engine\Qt\Forms\ObjectListItemWidget\ObjectListItemWidget.ui">
      <Filter>Form Files</Filter>
    </QtUic>
    <QtUic Include="src\Engine\Qt\Forms\InspectorWidget\InspectorWidget.ui">
      <Filter>Form Files</Filter>
    </QtUic>
    <QtUic Include="src\Engine\Qt\Forms\InspectorWidget\TransformWidget\TransformWidget.ui">
      <Filter>Form Files</Filter>
    </QtUic>
    <QtUic Include="src\Engine\Qt\Forms\InspectorWidget\NamedVectorWidget\NamedVectorWidget.ui">
      <Filter>Form Files</Filter>
    </QtUic>
  </ItemGroup>
</Project>