<?xml version="1.0" encoding="utf-8"?>
<Project ToolsVersion="4.0" xmlns="http://schemas.microsoft.com/developer/msbuild/2003">
  <ItemGroup>
    <Filter Include="EngineAPI">
      <UniqueIdentifier>{6655c303-d0c6-4545-868a-70c34a86000f}</UniqueIdentifier>
    </Filter>
    <Filter Include="EngineAPI\Scene">
      <UniqueIdentifier>{ae7ca235-e76e-4cdb-8ffc-15848b2f8915}</UniqueIdentifier>
    </Filter>
    <Filter Include="EngineAPI\Core">
      <UniqueIdentifier>{9808d9da-e994-478a-88e3-a3415c9a7e76}</UniqueIdentifier>
    </Filter>
  </ItemGroup>
  <ItemGroup>
    <ClInclude Include="src\Engine\Core\Math\Vector.hpp">
      <Filter>EngineAPI\Core</Filter>
    </ClInclude>
    <ClInclude Include="src\Engine\Core\Math\Matrix.hpp">
      <Filter>EngineAPI\Core</Filter>
    </ClInclude>
    <ClInclude Include="src\Engine\Core\Math\Transform.hpp">
      <Filter>EngineAPI\Core</Filter>
    </ClInclude>
    <ClInclude Include="src\Engine\API\Scene\Scene.hpp">
      <Filter>EngineAPI\Scene</Filter>
    </ClInclude>
    <ClInclude Include="src\Engine\API\Renderer\IRenderer.hpp" />
    <ClInclude Include="src\Engine\API\Controller.hpp" />
    <ClInclude Include="src\Engine\API\Commands\ICommand.hpp" />
    <ClInclude Include="src\Engine\API\Commands\LoadSceneCommand.hpp" />
    <ClInclude Include="src\Engine\Core\Color.hpp" />
    <ClInclude Include="src\Engine\Qt\Renderer\QtRenderer.hpp" />
    <ClInclude Include="src\Engine\Core\Math\Rect.hpp" />
    <ClInclude Include="src\Engine\API\Commands\RenderSceneCommand.hpp" />
    <ClInclude Include="src\Engine\Utils\Logger.hpp" />
    <ClInclude Include="src\Engine\Utils\Profiler.hpp" />
    <ClInclude Include="src\Engine\API\Tools\IToolBase.hpp" />
    <ClInclude Include="src\Engine\API\Tools\HierarchyTool.hpp" />
    <ClInclude Include="src\Engine\API\Managers\IManager.hpp" />
    <ClInclude Include="src\Engine\API\Facade.hpp" />
    <ClInclude Include="src\Engine\API\Scene\SceneBuilder.hpp" />
    <ClInclude Include="src\Engine\API\Objects\ICamera.hpp" />
    <ClInclude Include="src\Engine\API\Objects\ISceneObject.hpp" />
    <ClInclude Include="src\Engine\API\Objects\PerspectiveCamera.hpp" />
    <ClInclude Include="src\Engine\API\Objects\SceneObjectGroup.hpp" />
    <ClInclude Include="src\Engine\API\Objects\Builders\DefaultHullCubeBuilder.hpp" />
    <ClInclude Include="src\Engine\API\Objects\Builders\ISceneObjectBuilder.hpp" />
    <ClInclude Include="src\Engine\API\Managers\ISceneManager.hpp" />
    <ClInclude Include="src\Engine\API\Commands\CommandList.hpp" />
    <ClInclude Include="src\Engine\API\Managers\IManagerFactory.hpp" />
    <ClInclude Include="src\Engine\Qt\QtManagerFactory.hpp" />
    <ClInclude Include="src\Engine\Qt\Managers\QtSceneManager.hpp" />
    <ClInclude Include="src\Engine\API\Managers\IStateManager.hpp" />
    <ClInclude Include="src\Engine\Qt\Managers\QtStateManager.hpp" />
    <ClInclude Include="src\Engine\API\Scene\SceneBuilder.hpp" />
    <ClInclude Include="src\Engine\API\Scene\Directors\ISceneDirector.hpp" />
    <ClInclude Include="src\Engine\API\Scene\Directors\EmptySceneDirector.hpp" />
    <ClInclude Include="src\Engine\API\Objects\HullModel\HullModel.hpp" />
    <ClInclude Include="src\Engine\API\Objects\HullModel\Vertex.hpp" />
    <ClInclude Include="src\Engine\API\Objects\HullModel\Edge.hpp" />
    <ClInclude Include="src\Engine\API\Managers\IMainManager.hpp" />
    <ClInclude Include="src\Engine\Qt\Managers\QtMainManager.hpp" />
  </ItemGroup>
  <ItemGroup>
    <ClCompile Include="src\Engine\Qt\MainWindow.cpp" />
    <ClCompile Include="src\main.cpp" />
    <ClCompile Include="src\Engine\API\Commands\ICommand.cpp" />
    <ClCompile Include="src\Engine\API\Controller.cpp" />
    <ClCompile Include="src\Engine\API\Commands\LoadSceneCommand.cpp" />
    <ClCompile Include="src\Engine\Core\Math\Vector.cpp" />
    <ClCompile Include="src\Engine\Qt\Renderer\QtRenderer.cpp" />
    <ClCompile Include="src\Engine\Core\Color.cpp" />
    <ClCompile Include="src\Engine\Core\Math\Matrix.cpp" />
    <ClCompile Include="src\Engine\Core\Math\Transform.cpp" />
    <ClCompile Include="src\Engine\API\Scene\Scene.cpp" />
    <ClCompile Include="src\Engine\Core\Math\Rect.cpp" />
    <ClCompile Include="src\Engine\API\Commands\RenderSceneCommand.cpp" />
    <ClCompile Include="src\Engine\API\Renderer\IRenderer.cpp" />
    <ClCompile Include="src\Engine\Utils\Logger.cpp" />
    <ClCompile Include="src\Engine\API\Tools\HierarchyTool.cpp" />
    <ClCompile Include="src\Engine\API\Facade.cpp" />
    <ClCompile Include="src\Engine\API\Objects\ICamera.cpp" />
    <ClCompile Include="src\Engine\API\Objects\ISceneObject.cpp" />
    <ClCompile Include="src\Engine\API\Objects\PerspectiveCamera.cpp" />
    <ClCompile Include="src\Engine\API\Objects\SceneObjectGroup.cpp" />
    <ClCompile Include="src\Engine\API\Objects\Builders\DefaultHullCubeBuilder.cpp" />
    <ClCompile Include="src\Engine\API\Objects\Builders\TransformBuilder.cpp" />
    <ClCompile Include="src\Engine\API\Managers\ISceneManager.cpp" />
    <ClCompile Include="src\Engine\Qt\QtManagerFactory.cpp" />
    <ClCompile Include="src\Engine\Qt\Managers\QtStateManager.cpp" />
    <ClCompile Include="src\Engine\Qt\Managers\QtSceneManager.cpp" />
    <ClCompile Include="src\Engine\API\Scene\Directors\EmptySceneDirector.cpp" />
    <ClCompile Include="src\Engine\API\Scene\SceneBuilder.cpp" />
    <ClCompile Include="src\Engine\API\Objects\HullModel\HullModel.cpp" />
  </ItemGroup>
  <ItemGroup>
    <QtMoc Include="src\Engine\Qt\MainWindow.h" />
  </ItemGroup>
  <ItemGroup>
    <QtRcc Include="src\Engine\Qt\MainWindow.qrc" />
  </ItemGroup>
  <ItemGroup>
    <QtUic Include="src\Engine\Qt\MainWindow.ui" />
  </ItemGroup>
</Project>