<?xml version="1.0" encoding="utf-8"?>
<Project ToolsVersion="4.0" xmlns="http://schemas.microsoft.com/developer/msbuild/2003">
  <ItemGroup>
    <Filter Include="Source Files">
      <UniqueIdentifier>{4FC737F1-C7A5-4376-A066-2A32D752A2FF}</UniqueIdentifier>
      <Extensions>cpp;c;cc;cxx;def;odl;idl;hpj;bat;asm;asmx</Extensions>
    </Filter>
    <Filter Include="Header Files">
      <UniqueIdentifier>{93995380-89BD-4b04-88EB-625FBE52EBFB}</UniqueIdentifier>
      <Extensions>h;hh;hpp;hxx;hm;inl;inc;xsd</Extensions>
    </Filter>
    <Filter Include="Resource Files">
      <UniqueIdentifier>{67DA6AB6-F800-4c08-8B7A-83BB121AAD01}</UniqueIdentifier>
      <Extensions>rc;ico;cur;bmp;dlg;rc2;rct;bin;rgs;gif;jpg;jpeg;jpe;resx;tiff;tif;png;wav;mfcribbon-ms</Extensions>
    </Filter>
    <Filter Include="Form Files">
      <UniqueIdentifier>{99349809-55BA-4b9d-BF79-8FDBB0286EB3}</UniqueIdentifier>
      <Extensions>ui</Extensions>
    </Filter>
    <Filter Include="Resource Files">
      <UniqueIdentifier>{D9D6E242-F8AF-46E4-B9FD-80ECBC20BA3E}</UniqueIdentifier>
      <Extensions>qrc;*</Extensions>
      <ParseFiles>false</ParseFiles>
    </Filter>
    <Filter Include="Model">
      <UniqueIdentifier>{9564860c-7296-4629-b6a2-9504f57b3aa1}</UniqueIdentifier>
    </Filter>
    <Filter Include="Transform">
      <UniqueIdentifier>{b8dc61e4-02f6-46b3-a313-84d91ec0e562}</UniqueIdentifier>
    </Filter>
    <Filter Include="Projection">
      <UniqueIdentifier>{b8cee0a7-1956-4459-9d65-f0ae3959c46c}</UniqueIdentifier>
    </Filter>
    <Filter Include="View">
      <UniqueIdentifier>{557361ce-dfcc-4275-b2c9-352af88d195f}</UniqueIdentifier>
    </Filter>
  </ItemGroup>
  <ItemGroup>
    <ClCompile Include="src\main.cpp">
      <Filter>Source Files</Filter>
    </ClCompile>
    <ClCompile Include="src\ui\modelviewer.cpp">
      <Filter>Source Files</Filter>
    </ClCompile>
    <ClCompile Include="src\core\model_viewer.cpp">
      <Filter>Source Files</Filter>
    </ClCompile>
    <ClCompile Include="src\core\ext_math.cpp">
      <Filter>Source Files</Filter>
    </ClCompile>
    <ClCompile Include="src\core\model_viewer_entry.cpp">
      <Filter>Source Files</Filter>
    </ClCompile>
    <ClCompile Include="src\core\model\edge_array.cpp">
      <Filter>Model</Filter>
    </ClCompile>
    <ClCompile Include="src\core\model\model.cpp">
      <Filter>Model</Filter>
    </ClCompile>
    <ClCompile Include="src\core\model\vert_array.cpp">
      <Filter>Model</Filter>
    </ClCompile>
    <ClCompile Include="src\core\transform\transform.cpp">
      <Filter>Transform</Filter>
    </ClCompile>
    <ClCompile Include="src\core\view\view.cpp">
      <Filter>View</Filter>
    </ClCompile>
    <ClCompile Include="src\core\projection\projection.cpp">
      <Filter>Projection</Filter>
    </ClCompile>
  </ItemGroup>
  <ItemGroup>
    <ClInclude Include="src\core\model_viewer.hpp">
      <Filter>Header Files</Filter>
    </ClInclude>
    <ClInclude Include="src\core\error_code.hpp">
      <Filter>Header Files</Filter>
    </ClInclude>
    <ClInclude Include="src\core\ext_math.hpp">
      <Filter>Header Files</Filter>
    </ClInclude>
    <ClInclude Include="src\core\action.hpp">
      <Filter>Header Files</Filter>
    </ClInclude>
    <ClInclude Include="src\core\sal.hpp">
      <Filter>Header Files</Filter>
    </ClInclude>
    <ClInclude Include="src\core\model_viewer_entry.hpp">
      <Filter>Header Files</Filter>
    </ClInclude>
    <ClInclude Include="src\core\model\edge_array.hpp">
      <Filter>Model</Filter>
    </ClInclude>
    <ClInclude Include="src\core\model\model.hpp">
      <Filter>Model</Filter>
    </ClInclude>
    <ClInclude Include="src\core\model\vert_array.hpp">
      <Filter>Model</Filter>
    </ClInclude>
    <ClInclude Include="src\core\transform\transform.hpp">
      <Filter>Transform</Filter>
    </ClInclude>
    <ClInclude Include="src\core\view\view.hpp">
      <Filter>View</Filter>
    </ClInclude>
    <ClInclude Include="src\core\projection\projection.hpp">
      <Filter>Projection</Filter>
    </ClInclude>
  </ItemGroup>
  <ItemGroup>
    <QtUic Include="src\ui\modelviewer.ui">
      <Filter>Form Files</Filter>
    </QtUic>
  </ItemGroup>
  <ItemGroup>
    <QtMoc Include="src\ui\modelviewer.hpp">
      <Filter>Header Files</Filter>
    </QtMoc>
  </ItemGroup>
</Project>